<?xml version="1.0" encoding="utf-8"?>
<Project ToolsVersion="4.0" xmlns="http://schemas.microsoft.com/developer/msbuild/2003">
  <ItemGroup>
    <Filter Include="SDK">
      <UniqueIdentifier>{fe54982f-1b93-43bd-a56e-c114db41e461}</UniqueIdentifier>
    </Filter>
    <Filter Include="Utils">
      <UniqueIdentifier>{a15caeee-4ec5-4066-958a-8c502d234a1d}</UniqueIdentifier>
    </Filter>
    <Filter Include="Features">
      <UniqueIdentifier>{96930f3d-fe30-4134-9ed7-f9c76789ce58}</UniqueIdentifier>
    </Filter>
    <Filter Include="Features\AimBot">
      <UniqueIdentifier>{6d19f522-37bf-421d-b758-0ba1e3dee0cc}</UniqueIdentifier>
    </Filter>
    <Filter Include="Features\Misc">
      <UniqueIdentifier>{9f0d5d66-7504-4076-bd74-6c9093b5226f}</UniqueIdentifier>
    </Filter>
    <Filter Include="Features\TriggerBot">
      <UniqueIdentifier>{8cda5792-c883-4ae8-9aeb-34a07c469740}</UniqueIdentifier>
    </Filter>
    <Filter Include="Features\Skinchanger">
      <UniqueIdentifier>{94197332-fa79-4b75-bff4-9818e06bba48}</UniqueIdentifier>
    </Filter>
    <Filter Include="Features\Visuals">
      <UniqueIdentifier>{559e2108-30c5-4432-b2c9-76caf579060a}</UniqueIdentifier>
    </Filter>
    <Filter Include="Utils\BspParser">
      <UniqueIdentifier>{5df33860-ecbe-4402-ac20-befe0b532a4b}</UniqueIdentifier>
    </Filter>
    <Filter Include="Utils\JsonXX">
      <UniqueIdentifier>{5ea19b1a-f49c-4ac0-964a-b708c7153820}</UniqueIdentifier>
    </Filter>
    <Filter Include="Utils\Memory">
      <UniqueIdentifier>{881e7d54-f3d6-48b5-afe1-61cdd32cf5c0}</UniqueIdentifier>
    </Filter>
    <Filter Include="Utils\Offsets">
      <UniqueIdentifier>{0d77a0f7-75f8-4792-9f35-fe1c3586ae1b}</UniqueIdentifier>
    </Filter>
    <Filter Include="Utils\Scanner">
      <UniqueIdentifier>{e0a4edc8-c2be-464b-8383-a64bae6c0b7c}</UniqueIdentifier>
    </Filter>
    <Filter Include="Utils\Scanner\RFWModules">
      <UniqueIdentifier>{478eb407-6557-4e14-9cb4-8a52c3fae855}</UniqueIdentifier>
    </Filter>
    <Filter Include="Utils\Settings">
      <UniqueIdentifier>{872a478d-a16d-4c4e-a732-3e29595ac0d2}</UniqueIdentifier>
    </Filter>
    <Filter Include="Utils\VirtualFunction">
      <UniqueIdentifier>{d0202aac-705f-4c3b-818b-fde225ce3e28}</UniqueIdentifier>
    </Filter>
    <Filter Include="Utils\VisibleCheck">
      <UniqueIdentifier>{af7c2103-b4a5-40d4-a90c-7dc5f7c4e173}</UniqueIdentifier>
    </Filter>
    <Filter Include="Utils\Helpers">
      <UniqueIdentifier>{af9b34f2-7844-4627-8bd8-542f839be4aa}</UniqueIdentifier>
    </Filter>
    <Filter Include="SDK\Client">
      <UniqueIdentifier>{5ba0ab2f-1d62-4fcc-b6e9-6a5dcef68d44}</UniqueIdentifier>
    </Filter>
    <Filter Include="SDK\Engine">
      <UniqueIdentifier>{30a960cf-ec71-430e-af4b-089f131170cc}</UniqueIdentifier>
    </Filter>
    <Filter Include="SDK\Utils">
      <UniqueIdentifier>{22a23b6c-4003-4256-a572-d3311e4172a0}</UniqueIdentifier>
    </Filter>
    <Filter Include="MenuServer">
      <UniqueIdentifier>{61575c0d-5fa9-4e8d-89e4-dcad1eab3e8e}</UniqueIdentifier>
    </Filter>
    <Filter Include="Utils\ClientCmd">
      <UniqueIdentifier>{324004af-935a-411f-a326-10924f0eaaa4}</UniqueIdentifier>
    </Filter>
  </ItemGroup>
  <ItemGroup>
    <ClInclude Include="Visuals.hpp">
      <Filter>Features\Visuals</Filter>
    </ClInclude>
    <ClInclude Include="AimBot.hpp">
      <Filter>Features\AimBot</Filter>
    </ClInclude>
    <ClInclude Include="Misc.hpp">
      <Filter>Features\Misc</Filter>
    </ClInclude>
    <ClInclude Include="TriggerBot.hpp">
      <Filter>Features\TriggerBot</Filter>
    </ClInclude>
    <ClInclude Include="Skinchanger.hpp">
      <Filter>Features\Skinchanger</Filter>
    </ClInclude>
    <ClInclude Include="Utils\BspParser\bsp_parser.hpp">
      <Filter>Utils\BspParser</Filter>
    </ClInclude>
    <ClInclude Include="Utils\BspParser\BspParser.hpp">
      <Filter>Utils\BspParser</Filter>
    </ClInclude>
    <ClInclude Include="Utils\BspParser\matrix.hpp">
      <Filter>Utils\BspParser</Filter>
    </ClInclude>
    <ClInclude Include="Utils\BspParser\requirements.hpp">
      <Filter>Utils\BspParser</Filter>
    </ClInclude>
    <ClInclude Include="Utils\BspParser\valve_structs.hpp">
      <Filter>Utils\BspParser</Filter>
    </ClInclude>
    <ClInclude Include="Utils\JsonXX\jsonxx.h">
      <Filter>Utils\JsonXX</Filter>
    </ClInclude>
    <ClInclude Include="Utils\Memory\Memory.hpp">
      <Filter>Utils\Memory</Filter>
    </ClInclude>
    <ClInclude Include="Utils\Memory\Modules.hpp">
      <Filter>Utils\Memory</Filter>
    </ClInclude>
    <ClInclude Include="Utils\Memory\PModule.hpp">
      <Filter>Utils\Memory</Filter>
    </ClInclude>
    <ClInclude Include="Utils\Scanner\Netvar.h">
      <Filter>Utils\Scanner</Filter>
    </ClInclude>
    <ClInclude Include="Utils\Scanner\Scanner.hpp">
      <Filter>Utils\Scanner</Filter>
    </ClInclude>
    <ClInclude Include="Utils\Scanner\SigData.h">
      <Filter>Utils\Scanner</Filter>
    </ClInclude>
    <ClInclude Include="Utils\Scanner\SrcSDK.h">
      <Filter>Utils\Scanner</Filter>
    </ClInclude>
    <ClInclude Include="Utils\Scanner\stdafx.h">
      <Filter>Utils\Scanner</Filter>
    </ClInclude>
    <ClInclude Include="Utils\Scanner\targetver.h">
      <Filter>Utils\Scanner</Filter>
    </ClInclude>
    <ClInclude Include="Utils\Scanner\RFWModules\Mod.h">
      <Filter>Utils\Scanner\RFWModules</Filter>
    </ClInclude>
    <ClInclude Include="Utils\Scanner\RFWModules\patternscan.h">
      <Filter>Utils\Scanner\RFWModules</Filter>
    </ClInclude>
    <ClInclude Include="Utils\Scanner\RFWModules\proc.h">
      <Filter>Utils\Scanner\RFWModules</Filter>
    </ClInclude>
    <ClInclude Include="Utils\Scanner\RFWModules\ProcEx.h">
      <Filter>Utils\Scanner\RFWModules</Filter>
    </ClInclude>
    <ClInclude Include="Utils\Scanner\RFWModules\ProcIn.h">
      <Filter>Utils\Scanner\RFWModules</Filter>
    </ClInclude>
    <ClInclude Include="Utils\Scanner\RFWModules\rfw_ntapi.h">
      <Filter>Utils\Scanner\RFWModules</Filter>
    </ClInclude>
    <ClInclude Include="Utils\Scanner\RFWModules\rfw_ntdll.h">
      <Filter>Utils\Scanner\RFWModules</Filter>
    </ClInclude>
    <ClInclude Include="Utils\Scanner\RFWModules\stdafx.h">
      <Filter>Utils\Scanner\RFWModules</Filter>
    </ClInclude>
    <ClInclude Include="Utils\Scanner\RFWModules\util.h">
      <Filter>Utils\Scanner\RFWModules</Filter>
    </ClInclude>
    <ClInclude Include="Utils\Offsets\Offsets.hpp">
      <Filter>Utils\Offsets</Filter>
    </ClInclude>
    <ClInclude Include="Utils\GlobalVars.hpp">
      <Filter>Utils</Filter>
    </ClInclude>
    <ClInclude Include="Utils\Math.hpp">
      <Filter>Utils</Filter>
    </ClInclude>
    <ClInclude Include="Utils\VisibleCheck\VisibleCheck.hpp">
      <Filter>Utils\VisibleCheck</Filter>
    </ClInclude>
    <ClInclude Include="Utils\VirtualFunction\VirtualFunction.hpp">
      <Filter>Utils\VirtualFunction</Filter>
    </ClInclude>
    <ClInclude Include="Utils\Settings\Settings.hpp">
      <Filter>Utils\Settings</Filter>
    </ClInclude>
    <ClInclude Include="Utils\Helpers\Helpers.hpp">
      <Filter>Utils\Helpers</Filter>
    </ClInclude>
    <ClInclude Include="SDK\Utils\BoneVector.hpp">
      <Filter>SDK\Utils</Filter>
    </ClInclude>
    <ClInclude Include="SDK\Utils\BaseTrace.hpp">
      <Filter>SDK\Utils</Filter>
    </ClInclude>
    <ClInclude Include="SDK\Utils\GameTrace.hpp">
      <Filter>SDK\Utils</Filter>
    </ClInclude>
    <ClInclude Include="SDK\Utils\Input.hpp">
      <Filter>SDK\Utils</Filter>
    </ClInclude>
    <ClInclude Include="SDK\Utils\ClassID.hpp">
      <Filter>SDK\Utils</Filter>
    </ClInclude>
    <ClInclude Include="SDK\Utils\ClientStates.hpp">
      <Filter>SDK\Utils</Filter>
    </ClInclude>
    <ClInclude Include="SDK\Utils\ColorRGBA.hpp">
      <Filter>SDK\Utils</Filter>
    </ClInclude>
    <ClInclude Include="SDK\Utils\Plane.hpp">
      <Filter>SDK\Utils</Filter>
    </ClInclude>
    <ClInclude Include="SDK\Utils\Surface.hpp">
      <Filter>SDK\Utils</Filter>
    </ClInclude>
    <ClInclude Include="SDK\Utils\UserCmd.hpp">
      <Filter>SDK\Utils</Filter>
    </ClInclude>
    <ClInclude Include="SDK\Utils\Defines.hpp">
      <Filter>SDK\Utils</Filter>
    </ClInclude>
    <ClInclude Include="SDK\Utils\EntityQuality.hpp">
      <Filter>SDK\Utils</Filter>
    </ClInclude>
    <ClInclude Include="SDK\Utils\FlagsState.hpp">
      <Filter>SDK\Utils</Filter>
    </ClInclude>
    <ClInclude Include="SDK\Utils\EngineTrace.hpp">
      <Filter>SDK\Utils</Filter>
    </ClInclude>
    <ClInclude Include="SDK\Utils\GlowObjectDefinition.hpp">
      <Filter>SDK\Utils</Filter>
    </ClInclude>
    <ClInclude Include="SDK\Utils\Item.hpp">
      <Filter>SDK\Utils</Filter>
    </ClInclude>
    <ClInclude Include="SDK\Utils\KeyEvent.hpp">
      <Filter>SDK\Utils</Filter>
    </ClInclude>
    <ClInclude Include="SDK\Utils\LifeState.hpp">
      <Filter>SDK\Utils</Filter>
    </ClInclude>
    <ClInclude Include="SDK\Utils\Skeleton.hpp">
      <Filter>SDK\Utils</Filter>
    </ClInclude>
    <ClInclude Include="SDK\Utils\SkinRarity.hpp">
      <Filter>SDK\Utils</Filter>
    </ClInclude>
    <ClInclude Include="SDK\Utils\TeamNum.hpp">
      <Filter>SDK\Utils</Filter>
    </ClInclude>
    <ClInclude Include="SDK\Utils\Vector.hpp">
      <Filter>SDK\Utils</Filter>
    </ClInclude>
    <ClInclude Include="SDK\Engine\ClientState.hpp">
      <Filter>SDK\Engine</Filter>
    </ClInclude>
    <ClInclude Include="SDK\Engine\Engine.hpp">
      <Filter>SDK\Engine</Filter>
    </ClInclude>
    <ClInclude Include="SDK\Client\BaseWeapon.hpp">
      <Filter>SDK\Client</Filter>
    </ClInclude>
    <ClInclude Include="SDK\Client\BaseEntity.hpp">
      <Filter>SDK\Client</Filter>
    </ClInclude>
    <ClInclude Include="SDK\Client\LocalPlayer.hpp">
      <Filter>SDK\Client</Filter>
    </ClInclude>
    <ClInclude Include="SDK\Client\Client.hpp">
      <Filter>SDK\Client</Filter>
    </ClInclude>
    <ClInclude Include="SDK\Client\EntityList.hpp">
      <Filter>SDK\Client</Filter>
    </ClInclude>
    <ClInclude Include="SDK\Client\GlowObjectManager.hpp">
      <Filter>SDK\Client</Filter>
    </ClInclude>
    <ClInclude Include="SDK\Client\BasePlayer.hpp">
      <Filter>SDK\Client</Filter>
    </ClInclude>
    <ClInclude Include="MenuServer.hpp">
      <Filter>MenuServer</Filter>
    </ClInclude>
    <ClInclude Include="SDK\Vars.hpp">
      <Filter>SDK</Filter>
    </ClInclude>
    <ClInclude Include="SDK\Client\PlantedC4.hpp">
      <Filter>SDK\Client</Filter>
    </ClInclude>
    <ClInclude Include="SDK\Client\GlobalVars.hpp">
      <Filter>SDK\Client</Filter>
    </ClInclude>
    <ClInclude Include="SDK\Utils\PlayerInfo.hpp">
      <Filter>SDK\Utils</Filter>
    </ClInclude>
    <ClInclude Include="StyleGuide.hpp" />
    <ClInclude Include="SDK\Utils\VerifiedUserCmd.hpp">
      <Filter>SDK\Utils</Filter>
    </ClInclude>
    <ClInclude Include="Utils\ClientCmd\ClientCmd.hpp">
      <Filter>Utils\ClientCmd</Filter>
    </ClInclude>
    <ClInclude Include="Utils\ClientCmd\CMDToggle.hpp">
      <Filter>Utils\ClientCmd</Filter>
    </ClInclude>
  </ItemGroup>
  <ItemGroup>
    <ClCompile Include="Visuals.cpp">
      <Filter>Features\Visuals</Filter>
    </ClCompile>
    <ClCompile Include="main.cpp" />
    <ClCompile Include="AimBot.cpp">
      <Filter>Features\AimBot</Filter>
    </ClCompile>
    <ClCompile Include="Misc.cpp">
      <Filter>Features\Misc</Filter>
    </ClCompile>
    <ClCompile Include="TriggerBot.cpp">
      <Filter>Features\TriggerBot</Filter>
    </ClCompile>
    <ClCompile Include="Skinchanger.cpp">
      <Filter>Features\Skinchanger</Filter>
    </ClCompile>
    <ClCompile Include="Utils\BspParser\bsp_parser.cpp">
      <Filter>Utils\BspParser</Filter>
    </ClCompile>
    <ClCompile Include="Utils\JsonXX\jsonxx.cc">
      <Filter>Utils\JsonXX</Filter>
    </ClCompile>
    <ClCompile Include="Utils\Scanner\Netvar.cpp">
      <Filter>Utils\Scanner</Filter>
    </ClCompile>
    <ClCompile Include="Utils\Scanner\Scanner.cpp">
      <Filter>Utils\Scanner</Filter>
    </ClCompile>
    <ClCompile Include="Utils\Scanner\SigData.cpp">
      <Filter>Utils\Scanner</Filter>
    </ClCompile>
    <ClCompile Include="Utils\Scanner\SrcSDK.cpp">
      <Filter>Utils\Scanner</Filter>
    </ClCompile>
    <ClCompile Include="Utils\Scanner\stdafx.cpp">
      <Filter>Utils\Scanner</Filter>
    </ClCompile>
    <ClCompile Include="Utils\Scanner\RFWModules\Mod.cpp">
      <Filter>Utils\Scanner\RFWModules</Filter>
    </ClCompile>
    <ClCompile Include="Utils\Scanner\RFWModules\patternscan.cpp">
      <Filter>Utils\Scanner\RFWModules</Filter>
    </ClCompile>
    <ClCompile Include="Utils\Scanner\RFWModules\proc.cpp">
      <Filter>Utils\Scanner\RFWModules</Filter>
    </ClCompile>
    <ClCompile Include="Utils\Scanner\RFWModules\ProcEx.cpp">
      <Filter>Utils\Scanner\RFWModules</Filter>
    </ClCompile>
    <ClCompile Include="Utils\Scanner\RFWModules\ProcIn.cpp">
      <Filter>Utils\Scanner\RFWModules</Filter>
    </ClCompile>
    <ClCompile Include="Utils\Scanner\RFWModules\rfw_ntapi.cpp">
      <Filter>Utils\Scanner\RFWModules</Filter>
    </ClCompile>
    <ClCompile Include="Utils\Scanner\RFWModules\util.cpp">
      <Filter>Utils\Scanner\RFWModules</Filter>
    </ClCompile>
    <ClCompile Include="Utils\Offsets\Offsets.cpp">
      <Filter>Utils\Offsets</Filter>
    </ClCompile>
    <ClCompile Include="Utils\VisibleCheck\VisibleCheck.cpp">
      <Filter>Utils\VisibleCheck</Filter>
    </ClCompile>
    <ClCompile Include="Utils\VirtualFunction\VirtualFunction.cpp">
      <Filter>Utils\VirtualFunction</Filter>
    </ClCompile>
    <ClCompile Include="Utils\Settings\Settings.cpp">
      <Filter>Utils\Settings</Filter>
    </ClCompile>
    <ClCompile Include="Utils\Helpers\Helpers.cpp">
      <Filter>Utils\Helpers</Filter>
    </ClCompile>
    <ClCompile Include="MenuServer.cpp">
      <Filter>MenuServer</Filter>
    </ClCompile>
    <ClCompile Include="Utils\ClientCmd\ClientCmd.cpp">
      <Filter>Utils\ClientCmd</Filter>
    </ClCompile>
    <ClCompile Include="Utils\ClientCmd\CMDToggle.cpp">
      <Filter>Utils\ClientCmd</Filter>
    </ClCompile>
  </ItemGroup>
  <ItemGroup>
    <None Include=".gitignore" />
  </ItemGroup>
</Project>